
Microsoft Visual Studio Solution File, Format Version 12.00
# Visual Studio Version 17
VisualStudioVersion = 17.3.32901.215
MinimumVisualStudioVersion = 10.0.40219.1
Project("{FAE04EC0-301F-11D3-BF4B-00C04F79EFBC}") = "FileTree", "FileTree\FileTree.csproj", "{959B3697-03DB-4297-A8C7-B499CCFFD847}"
EndProject
Global
	GlobalSection(SolutionConfigurationPlatforms) = preSolution
		Debug|Any CPU = Debug|Any CPU
		Release|Any CPU = Release|Any CPU
	EndGlobalSection
	GlobalSection(ProjectConfigurationPlatforms) = postSolution
		{959B3697-03DB-4297-A8C7-B499CCFFD847}.Debug|Any CPU.ActiveCfg = Debug|Any CPU
		{959B3697-03DB-4297-A8C7-B499CCFFD847}.Debug|Any CPU.Build.0 = Debug|Any CPU
		{959B3697-03DB-4297-A8C7-B499CCFFD847}.Release|Any CPU.ActiveCfg = Release|Any CPU
		{959B3697-03DB-4297-A8C7-B499CCFFD847}.Release|Any CPU.Build.0 = Release|Any CPU
	EndGlobalSection
	GlobalSection(SolutionProperties) = preSolution
		HideSolutionNode = FALSE
	EndGlobalSection
	GlobalSection(ExtensibilityGlobals) = postSolution
		SolutionGuid = {601A214A-EC7F-493C-942F-5202F98EE134}
	EndGlobalSection
EndGlobal
